
Microsoft Visual Studio Solution File, Format Version 12.00
# Visual Studio Version 17
VisualStudioVersion = 17.7.34024.191
MinimumVisualStudioVersion = 10.0.40219.1
Project("{9A19103F-16F7-4668-BE54-9A1E7A4F7556}") = "csharp-typesystem-snacks", "csharp-typesystem-snacks.csproj", "{FFCEFB66-432B-4FEF-87D1-FA751EFD7D7A}"
EndProject
Project("{FAE04EC0-301F-11D3-BF4B-00C04F79EFBC}") = "csharp-typesystem-snacks-bonus", "..\csharp-typesystem-snacks-bonus\csharp-typesystem-snacks-bonus.csproj", "{67B79049-BE56-47DB-88E6-376DB0D6C323}"
EndProject
Global
	GlobalSection(SolutionConfigurationPlatforms) = preSolution
		Debug|Any CPU = Debug|Any CPU
		Release|Any CPU = Release|Any CPU
	EndGlobalSection
	GlobalSection(ProjectConfigurationPlatforms) = postSolution
		{FFCEFB66-432B-4FEF-87D1-FA751EFD7D7A}.Debug|Any CPU.ActiveCfg = Debug|Any CPU
		{FFCEFB66-432B-4FEF-87D1-FA751EFD7D7A}.Debug|Any CPU.Build.0 = Debug|Any CPU
		{FFCEFB66-432B-4FEF-87D1-FA751EFD7D7A}.Release|Any CPU.ActiveCfg = Release|Any CPU
		{FFCEFB66-432B-4FEF-87D1-FA751EFD7D7A}.Release|Any CPU.Build.0 = Release|Any CPU
		{67B79049-BE56-47DB-88E6-376DB0D6C323}.Debug|Any CPU.ActiveCfg = Debug|Any CPU
		{67B79049-BE56-47DB-88E6-376DB0D6C323}.Debug|Any CPU.Build.0 = Debug|Any CPU
		{67B79049-BE56-47DB-88E6-376DB0D6C323}.Release|Any CPU.ActiveCfg = Release|Any CPU
		{67B79049-BE56-47DB-88E6-376DB0D6C323}.Release|Any CPU.Build.0 = Release|Any CPU
	EndGlobalSection
	GlobalSection(SolutionProperties) = preSolution
		HideSolutionNode = FALSE
	EndGlobalSection
	GlobalSection(ExtensibilityGlobals) = postSolution
		SolutionGuid = {82578AB8-A0C6-43F4-9AAD-38D8D16C486E}
	EndGlobalSection
EndGlobal
